
Microsoft Visual Studio Solution File, Format Version 12.00
# Visual Studio Version 17
VisualStudioVersion = 17.8.34525.116
MinimumVisualStudioVersion = 10.0.40219.1
Project("{9A19103F-16F7-4668-BE54-9A1E7A4F7556}") = "GTL.API", "GTL.API\GTL.API.csproj", "{E03A957D-B967-488C-ACD6-35B95C57015C}"
EndProject
Project("{2150E333-8FDC-42A3-9474-1A3956D46DE8}") = "src", "src", "{6A30E12C-36D4-4342-BF2F-D617AE561A57}"
EndProject
Project("{9A19103F-16F7-4668-BE54-9A1E7A4F7556}") = "GTL.Domain", "GTL.Domain\GTL.Domain.csproj", "{87E5F999-FD78-4229-864E-47B231784ABB}"
EndProject
Project("{9A19103F-16F7-4668-BE54-9A1E7A4F7556}") = "GTL.Application", "GTL.Application\GTL.Application.csproj", "{93D17F90-1AD9-4718-ACD6-9FDC77B52953}"
EndProject
Project("{9A19103F-16F7-4668-BE54-9A1E7A4F7556}") = "GTL.Infrastructure", "GTL.Infrastructure\GTL.Infrastructure.csproj", "{C756A0A9-915E-4771-81E1-C96890C0E0F6}"
EndProject
Project("{9A19103F-16F7-4668-BE54-9A1E7A4F7556}") = "GTL.Persistence", "GTL.Persistence\GTL.Persistence.csproj", "{518F4C03-8EE9-4482-81BF-D6E0EC85FE4B}"
EndProject
Project("{2150E333-8FDC-42A3-9474-1A3956D46DE8}") = "test", "test", "{30452E19-3F91-43E4-AD87-17D590672552}"
EndProject
Project("{9A19103F-16F7-4668-BE54-9A1E7A4F7556}") = "GTL.Domain.Test", "GTL.Domain.Test\GTL.Domain.Test.csproj", "{03CB1353-8012-4F3A-9995-D824A89233B8}"
EndProject
Project("{9A19103F-16F7-4668-BE54-9A1E7A4F7556}") = "GTL.Application.Test", "GTL.Application.Test\GTL.Application.Test.csproj", "{6D12D45E-6819-463D-AE18-A90FB2BE682F}"
EndProject
Project("{9A19103F-16F7-4668-BE54-9A1E7A4F7556}") = "GTL.Crosscut", "GTL.Crosscut\GTL.Crosscut.csproj", "{F11B0C79-3410-455E-AF71-F894D6FA5021}"
EndProject
Project("{2150E333-8FDC-42A3-9474-1A3956D46DE8}") = "GTL.Main", "GTL.Main", "{C5E4FAA4-0DC2-42BA-92FF-712EDACBAE3C}"
EndProject
Project("{2150E333-8FDC-42A3-9474-1A3956D46DE8}") = "GTL.Order", "GTL.Order", "{D8ACCC5D-4A74-41B4-B880-B1B58EF5A94C}"
EndProject
Project("{9A19103F-16F7-4668-BE54-9A1E7A4F7556}") = "GTL.Order.API", "GTL.Order.API\GTL.Order.API.csproj", "{C664C566-F3FA-44EE-BE0B-0F95ADEBB536}"
EndProject
Project("{2150E333-8FDC-42A3-9474-1A3956D46DE8}") = "Test Data Consols", "Test Data Consols", "{F227FE50-8B4E-4FA9-B58F-CFCABDC24F0C}"
EndProject
Project("{FAE04EC0-301F-11D3-BF4B-00C04F79EFBC}") = "InsertItems", "InsertItems\InsertItems.csproj", "{B2D40A2C-B635-4D6D-A818-4F9E018E0AED}"
EndProject
Project("{FAE04EC0-301F-11D3-BF4B-00C04F79EFBC}") = "AuthorGenerator", "AuthorGenerator\AuthorGenerator.csproj", "{C9842753-D014-4F04-86B5-29375E79C4C9}"
EndProject
Global
	GlobalSection(SolutionConfigurationPlatforms) = preSolution
		Debug|Any CPU = Debug|Any CPU
		Release|Any CPU = Release|Any CPU
	EndGlobalSection
	GlobalSection(ProjectConfigurationPlatforms) = postSolution
		{E03A957D-B967-488C-ACD6-35B95C57015C}.Debug|Any CPU.ActiveCfg = Debug|Any CPU
		{E03A957D-B967-488C-ACD6-35B95C57015C}.Debug|Any CPU.Build.0 = Debug|Any CPU
		{E03A957D-B967-488C-ACD6-35B95C57015C}.Release|Any CPU.ActiveCfg = Release|Any CPU
		{E03A957D-B967-488C-ACD6-35B95C57015C}.Release|Any CPU.Build.0 = Release|Any CPU
		{87E5F999-FD78-4229-864E-47B231784ABB}.Debug|Any CPU.ActiveCfg = Debug|Any CPU
		{87E5F999-FD78-4229-864E-47B231784ABB}.Debug|Any CPU.Build.0 = Debug|Any CPU
		{87E5F999-FD78-4229-864E-47B231784ABB}.Release|Any CPU.ActiveCfg = Release|Any CPU
		{87E5F999-FD78-4229-864E-47B231784ABB}.Release|Any CPU.Build.0 = Release|Any CPU
		{93D17F90-1AD9-4718-ACD6-9FDC77B52953}.Debug|Any CPU.ActiveCfg = Debug|Any CPU
		{93D17F90-1AD9-4718-ACD6-9FDC77B52953}.Debug|Any CPU.Build.0 = Debug|Any CPU
		{93D17F90-1AD9-4718-ACD6-9FDC77B52953}.Release|Any CPU.ActiveCfg = Release|Any CPU
		{93D17F90-1AD9-4718-ACD6-9FDC77B52953}.Release|Any CPU.Build.0 = Release|Any CPU
		{C756A0A9-915E-4771-81E1-C96890C0E0F6}.Debug|Any CPU.ActiveCfg = Debug|Any CPU
		{C756A0A9-915E-4771-81E1-C96890C0E0F6}.Debug|Any CPU.Build.0 = Debug|Any CPU
		{C756A0A9-915E-4771-81E1-C96890C0E0F6}.Release|Any CPU.ActiveCfg = Release|Any CPU
		{C756A0A9-915E-4771-81E1-C96890C0E0F6}.Release|Any CPU.Build.0 = Release|Any CPU
		{518F4C03-8EE9-4482-81BF-D6E0EC85FE4B}.Debug|Any CPU.ActiveCfg = Debug|Any CPU
		{518F4C03-8EE9-4482-81BF-D6E0EC85FE4B}.Debug|Any CPU.Build.0 = Debug|Any CPU
		{518F4C03-8EE9-4482-81BF-D6E0EC85FE4B}.Release|Any CPU.ActiveCfg = Release|Any CPU
		{518F4C03-8EE9-4482-81BF-D6E0EC85FE4B}.Release|Any CPU.Build.0 = Release|Any CPU
		{03CB1353-8012-4F3A-9995-D824A89233B8}.Debug|Any CPU.ActiveCfg = Debug|Any CPU
		{03CB1353-8012-4F3A-9995-D824A89233B8}.Debug|Any CPU.Build.0 = Debug|Any CPU
		{03CB1353-8012-4F3A-9995-D824A89233B8}.Release|Any CPU.ActiveCfg = Release|Any CPU
		{03CB1353-8012-4F3A-9995-D824A89233B8}.Release|Any CPU.Build.0 = Release|Any CPU
		{6D12D45E-6819-463D-AE18-A90FB2BE682F}.Debug|Any CPU.ActiveCfg = Debug|Any CPU
		{6D12D45E-6819-463D-AE18-A90FB2BE682F}.Debug|Any CPU.Build.0 = Debug|Any CPU
		{6D12D45E-6819-463D-AE18-A90FB2BE682F}.Release|Any CPU.ActiveCfg = Release|Any CPU
		{6D12D45E-6819-463D-AE18-A90FB2BE682F}.Release|Any CPU.Build.0 = Release|Any CPU
		{F11B0C79-3410-455E-AF71-F894D6FA5021}.Debug|Any CPU.ActiveCfg = Debug|Any CPU
		{F11B0C79-3410-455E-AF71-F894D6FA5021}.Debug|Any CPU.Build.0 = Debug|Any CPU
		{F11B0C79-3410-455E-AF71-F894D6FA5021}.Release|Any CPU.ActiveCfg = Release|Any CPU
		{F11B0C79-3410-455E-AF71-F894D6FA5021}.Release|Any CPU.Build.0 = Release|Any CPU
		{C664C566-F3FA-44EE-BE0B-0F95ADEBB536}.Debug|Any CPU.ActiveCfg = Debug|Any CPU
		{C664C566-F3FA-44EE-BE0B-0F95ADEBB536}.Debug|Any CPU.Build.0 = Debug|Any CPU
		{C664C566-F3FA-44EE-BE0B-0F95ADEBB536}.Release|Any CPU.ActiveCfg = Release|Any CPU
		{C664C566-F3FA-44EE-BE0B-0F95ADEBB536}.Release|Any CPU.Build.0 = Release|Any CPU
		{B2D40A2C-B635-4D6D-A818-4F9E018E0AED}.Debug|Any CPU.ActiveCfg = Debug|Any CPU
		{B2D40A2C-B635-4D6D-A818-4F9E018E0AED}.Debug|Any CPU.Build.0 = Debug|Any CPU
		{B2D40A2C-B635-4D6D-A818-4F9E018E0AED}.Release|Any CPU.ActiveCfg = Release|Any CPU
		{B2D40A2C-B635-4D6D-A818-4F9E018E0AED}.Release|Any CPU.Build.0 = Release|Any CPU
		{C9842753-D014-4F04-86B5-29375E79C4C9}.Debug|Any CPU.ActiveCfg = Debug|Any CPU
		{C9842753-D014-4F04-86B5-29375E79C4C9}.Debug|Any CPU.Build.0 = Debug|Any CPU
		{C9842753-D014-4F04-86B5-29375E79C4C9}.Release|Any CPU.ActiveCfg = Release|Any CPU
		{C9842753-D014-4F04-86B5-29375E79C4C9}.Release|Any CPU.Build.0 = Release|Any CPU
	EndGlobalSection
	GlobalSection(SolutionProperties) = preSolution
		HideSolutionNode = FALSE
	EndGlobalSection
	GlobalSection(NestedProjects) = preSolution
		{E03A957D-B967-488C-ACD6-35B95C57015C} = {C5E4FAA4-0DC2-42BA-92FF-712EDACBAE3C}
		{6A30E12C-36D4-4342-BF2F-D617AE561A57} = {C5E4FAA4-0DC2-42BA-92FF-712EDACBAE3C}
		{87E5F999-FD78-4229-864E-47B231784ABB} = {6A30E12C-36D4-4342-BF2F-D617AE561A57}
		{93D17F90-1AD9-4718-ACD6-9FDC77B52953} = {6A30E12C-36D4-4342-BF2F-D617AE561A57}
		{C756A0A9-915E-4771-81E1-C96890C0E0F6} = {6A30E12C-36D4-4342-BF2F-D617AE561A57}
		{518F4C03-8EE9-4482-81BF-D6E0EC85FE4B} = {6A30E12C-36D4-4342-BF2F-D617AE561A57}
		{30452E19-3F91-43E4-AD87-17D590672552} = {C5E4FAA4-0DC2-42BA-92FF-712EDACBAE3C}
		{03CB1353-8012-4F3A-9995-D824A89233B8} = {30452E19-3F91-43E4-AD87-17D590672552}
		{6D12D45E-6819-463D-AE18-A90FB2BE682F} = {30452E19-3F91-43E4-AD87-17D590672552}
		{F11B0C79-3410-455E-AF71-F894D6FA5021} = {C5E4FAA4-0DC2-42BA-92FF-712EDACBAE3C}
		{C664C566-F3FA-44EE-BE0B-0F95ADEBB536} = {D8ACCC5D-4A74-41B4-B880-B1B58EF5A94C}
		{F227FE50-8B4E-4FA9-B58F-CFCABDC24F0C} = {C5E4FAA4-0DC2-42BA-92FF-712EDACBAE3C}
		{B2D40A2C-B635-4D6D-A818-4F9E018E0AED} = {F227FE50-8B4E-4FA9-B58F-CFCABDC24F0C}
		{C9842753-D014-4F04-86B5-29375E79C4C9} = {F227FE50-8B4E-4FA9-B58F-CFCABDC24F0C}
	EndGlobalSection
	GlobalSection(ExtensibilityGlobals) = postSolution
		SolutionGuid = {1CD47CC3-2643-4F79-AD57-2C15F8ED649A}
	EndGlobalSection
EndGlobal
